{
  "originHash" : "c46686d0e37b03aa2d2728776b8ea0d8a4fc6709cdd7ac250279e4d7c624c4d8",
  "pins" : [
    {
      "identity" : "carton",
      "kind" : "remoteSourceControl",
      "location" : "https://github.com/swiftwasm/carton",
      "state" : {
        "revision" : "57ab2e7c2419c0f6f2516d1c25142a9fb763ca7a",
        "version" : "1.1.3"
      }
    },
    {
      "identity" : "javascriptkit",
      "kind" : "remoteSourceControl",
      "location" : "https://github.com/swiftwasm/JavaScriptKit",
      "state" : {
        "revision" : "4b327dc40d3931c2236ed43c6b47325c17c88afe",
        "version" : "0.37.0"
      }
    },
    {
      "identity" : "swift-argument-parser",
      "kind" : "remoteSourceControl",
      "location" : "https://github.com/apple/swift-argument-parser.git",
      "state" : {
        "revision" : "46989693916f56d1186bd59ac15124caef896560",
        "version" : "1.3.1"
      }
    },
    {
      "identity" : "swift-atomics",
      "kind" : "remoteSourceControl",
      "location" : "https://github.com/apple/swift-atomics.git",
      "state" : {
        "revision" : "b601256eab081c0f92f059e12818ac1d4f178ff7",
        "version" : "1.3.0"
      }
    },
    {
      "identity" : "swift-collections",
      "kind" : "remoteSourceControl",
      "location" : "https://github.com/apple/swift-collections.git",
      "state" : {
        "revision" : "7b847a3b7008b2dc2f47ca3110d8c782fb2e5c7e",
        "version" : "1.3.0"
      }
    },
    {
      "identity" : "swift-nio",
      "kind" : "remoteSourceControl",
      "location" : "https://github.com/apple/swift-nio.git",
      "state" : {
        "revision" : "3eea09220e07d34ace722221cbda90306f48c86c",
        "version" : "2.90.1"
      }
    },
    {
      "identity" : "swift-syntax",
      "kind" : "remoteSourceControl",
      "location" : "https://github.com/swiftlang/swift-syntax",
      "state" : {
        "revision" : "f99ae8aa18f0cf0d53481901f88a0991dc3bd4a2",
        "version" : "601.0.1"
      }
    },
    {
      "identity" : "swift-system",
      "kind" : "remoteSourceControl",
      "location" : "https://github.com/apple/swift-system.git",
      "state" : {
        "revision" : "395a77f0aa927f0ff73941d7ac35f2b46d47c9db",
        "version" : "1.6.3"
      }
    },
    {
      "identity" : "wasmtransformer",
      "kind" : "remoteSourceControl",
      "location" : "https://github.com/swiftwasm/WasmTransformer",
      "state" : {
        "revision" : "d04b31f61b6f528a9a96ebfe4fa4275e333eba82",
        "version" : "0.5.0"
      }
    }
  ],
  "version" : 3
}
